
Microsoft Visual Studio Solution File, Format Version 12.00
# Visual Studio Version 17
VisualStudioVersion = 17.10.35027.167
MinimumVisualStudioVersion = 10.0.40219.1
Project("{8BC9CEB8-8B4A-11D0-8D11-00A0C91BC942}") = "BOJ_31962", "BOJ_31962.vcxproj", "{074356C0-B48F-4D07-8AFB-3DBCE054D19B}"
EndProject
Global
	GlobalSection(SolutionConfigurationPlatforms) = preSolution
		Debug|x64 = Debug|x64
		Release|x64 = Release|x64
	EndGlobalSection
	GlobalSection(ProjectConfigurationPlatforms) = postSolution
		{074356C0-B48F-4D07-8AFB-3DBCE054D19B}.Debug|x64.ActiveCfg = Debug|x64
		{074356C0-B48F-4D07-8AFB-3DBCE054D19B}.Debug|x64.Build.0 = Debug|x64
		{074356C0-B48F-4D07-8AFB-3DBCE054D19B}.Release|x64.ActiveCfg = Release|x64
		{074356C0-B48F-4D07-8AFB-3DBCE054D19B}.Release|x64.Build.0 = Release|x64
	EndGlobalSection
	GlobalSection(SolutionProperties) = preSolution
		HideSolutionNode = FALSE
	EndGlobalSection
	GlobalSection(ExtensibilityGlobals) = postSolution
		SolutionGuid = {B963BB27-632A-46A8-AEED-8865326AFD7F}
	EndGlobalSection
EndGlobal
